
Microsoft Visual Studio Solution File, Format Version 12.00
# Visual Studio Version 17
VisualStudioVersion = 17.0.31903.59
MinimumVisualStudioVersion = 10.0.40219.1
Project("{FAE04EC0-301F-11D3-BF4B-00C04F79EFBC}") = "API", "API\API.csproj", "{F7E209A7-3846-4092-AA9A-25C4394E9E39}"
EndProject
Project("{FAE04EC0-301F-11D3-BF4B-00C04F79EFBC}") = "Application", "Application\Application.csproj", "{FE18156F-3077-4AF4-A95E-603DCA7805A6}"
EndProject
Project("{FAE04EC0-301F-11D3-BF4B-00C04F79EFBC}") = "Domain", "Domain\Domain.csproj", "{3CC597F5-D02A-4A2D-868E-B1853B59B1A4}"
EndProject
Project("{FAE04EC0-301F-11D3-BF4B-00C04F79EFBC}") = "Persistence", "Persistence\Persistence.csproj", "{226C5379-F92B-45C5-A2D1-81CC4A30FCBC}"
EndProject
Global
	GlobalSection(SolutionConfigurationPlatforms) = preSolution
		Debug|Any CPU = Debug|Any CPU
		Debug|x64 = Debug|x64
		Debug|x86 = Debug|x86
		Release|Any CPU = Release|Any CPU
		Release|x64 = Release|x64
		Release|x86 = Release|x86
	EndGlobalSection
	GlobalSection(ProjectConfigurationPlatforms) = postSolution
		{F7E209A7-3846-4092-AA9A-25C4394E9E39}.Debug|Any CPU.ActiveCfg = Debug|Any CPU
		{F7E209A7-3846-4092-AA9A-25C4394E9E39}.Debug|Any CPU.Build.0 = Debug|Any CPU
		{F7E209A7-3846-4092-AA9A-25C4394E9E39}.Debug|x64.ActiveCfg = Debug|Any CPU
		{F7E209A7-3846-4092-AA9A-25C4394E9E39}.Debug|x64.Build.0 = Debug|Any CPU
		{F7E209A7-3846-4092-AA9A-25C4394E9E39}.Debug|x86.ActiveCfg = Debug|Any CPU
		{F7E209A7-3846-4092-AA9A-25C4394E9E39}.Debug|x86.Build.0 = Debug|Any CPU
		{F7E209A7-3846-4092-AA9A-25C4394E9E39}.Release|Any CPU.ActiveCfg = Release|Any CPU
		{F7E209A7-3846-4092-AA9A-25C4394E9E39}.Release|Any CPU.Build.0 = Release|Any CPU
		{F7E209A7-3846-4092-AA9A-25C4394E9E39}.Release|x64.ActiveCfg = Release|Any CPU
		{F7E209A7-3846-4092-AA9A-25C4394E9E39}.Release|x64.Build.0 = Release|Any CPU
		{F7E209A7-3846-4092-AA9A-25C4394E9E39}.Release|x86.ActiveCfg = Release|Any CPU
		{F7E209A7-3846-4092-AA9A-25C4394E9E39}.Release|x86.Build.0 = Release|Any CPU
		{FE18156F-3077-4AF4-A95E-603DCA7805A6}.Debug|Any CPU.ActiveCfg = Debug|Any CPU
		{FE18156F-3077-4AF4-A95E-603DCA7805A6}.Debug|Any CPU.Build.0 = Debug|Any CPU
		{FE18156F-3077-4AF4-A95E-603DCA7805A6}.Debug|x64.ActiveCfg = Debug|Any CPU
		{FE18156F-3077-4AF4-A95E-603DCA7805A6}.Debug|x64.Build.0 = Debug|Any CPU
		{FE18156F-3077-4AF4-A95E-603DCA7805A6}.Debug|x86.ActiveCfg = Debug|Any CPU
		{FE18156F-3077-4AF4-A95E-603DCA7805A6}.Debug|x86.Build.0 = Debug|Any CPU
		{FE18156F-3077-4AF4-A95E-603DCA7805A6}.Release|Any CPU.ActiveCfg = Release|Any CPU
		{FE18156F-3077-4AF4-A95E-603DCA7805A6}.Release|Any CPU.Build.0 = Release|Any CPU
		{FE18156F-3077-4AF4-A95E-603DCA7805A6}.Release|x64.ActiveCfg = Release|Any CPU
		{FE18156F-3077-4AF4-A95E-603DCA7805A6}.Release|x64.Build.0 = Release|Any CPU
		{FE18156F-3077-4AF4-A95E-603DCA7805A6}.Release|x86.ActiveCfg = Release|Any CPU
		{FE18156F-3077-4AF4-A95E-603DCA7805A6}.Release|x86.Build.0 = Release|Any CPU
		{3CC597F5-D02A-4A2D-868E-B1853B59B1A4}.Debug|Any CPU.ActiveCfg = Debug|Any CPU
		{3CC597F5-D02A-4A2D-868E-B1853B59B1A4}.Debug|Any CPU.Build.0 = Debug|Any CPU
		{3CC597F5-D02A-4A2D-868E-B1853B59B1A4}.Debug|x64.ActiveCfg = Debug|Any CPU
		{3CC597F5-D02A-4A2D-868E-B1853B59B1A4}.Debug|x64.Build.0 = Debug|Any CPU
		{3CC597F5-D02A-4A2D-868E-B1853B59B1A4}.Debug|x86.ActiveCfg = Debug|Any CPU
		{3CC597F5-D02A-4A2D-868E-B1853B59B1A4}.Debug|x86.Build.0 = Debug|Any CPU
		{3CC597F5-D02A-4A2D-868E-B1853B59B1A4}.Release|Any CPU.ActiveCfg = Release|Any CPU
		{3CC597F5-D02A-4A2D-868E-B1853B59B1A4}.Release|Any CPU.Build.0 = Release|Any CPU
		{3CC597F5-D02A-4A2D-868E-B1853B59B1A4}.Release|x64.ActiveCfg = Release|Any CPU
		{3CC597F5-D02A-4A2D-868E-B1853B59B1A4}.Release|x64.Build.0 = Release|Any CPU
		{3CC597F5-D02A-4A2D-868E-B1853B59B1A4}.Release|x86.ActiveCfg = Release|Any CPU
		{3CC597F5-D02A-4A2D-868E-B1853B59B1A4}.Release|x86.Build.0 = Release|Any CPU
		{226C5379-F92B-45C5-A2D1-81CC4A30FCBC}.Debug|Any CPU.ActiveCfg = Debug|Any CPU
		{226C5379-F92B-45C5-A2D1-81CC4A30FCBC}.Debug|Any CPU.Build.0 = Debug|Any CPU
		{226C5379-F92B-45C5-A2D1-81CC4A30FCBC}.Debug|x64.ActiveCfg = Debug|Any CPU
		{226C5379-F92B-45C5-A2D1-81CC4A30FCBC}.Debug|x64.Build.0 = Debug|Any CPU
		{226C5379-F92B-45C5-A2D1-81CC4A30FCBC}.Debug|x86.ActiveCfg = Debug|Any CPU
		{226C5379-F92B-45C5-A2D1-81CC4A30FCBC}.Debug|x86.Build.0 = Debug|Any CPU
		{226C5379-F92B-45C5-A2D1-81CC4A30FCBC}.Release|Any CPU.ActiveCfg = Release|Any CPU
		{226C5379-F92B-45C5-A2D1-81CC4A30FCBC}.Release|Any CPU.Build.0 = Release|Any CPU
		{226C5379-F92B-45C5-A2D1-81CC4A30FCBC}.Release|x64.ActiveCfg = Release|Any CPU
		{226C5379-F92B-45C5-A2D1-81CC4A30FCBC}.Release|x64.Build.0 = Release|Any CPU
		{226C5379-F92B-45C5-A2D1-81CC4A30FCBC}.Release|x86.ActiveCfg = Release|Any CPU
		{226C5379-F92B-45C5-A2D1-81CC4A30FCBC}.Release|x86.Build.0 = Release|Any CPU
	EndGlobalSection
	GlobalSection(SolutionProperties) = preSolution
		HideSolutionNode = FALSE
	EndGlobalSection
EndGlobal
